
Microsoft Visual Studio Solution File, Format Version 12.00
# Visual Studio 15
VisualStudioVersion = 15.0.27703.2047
MinimumVisualStudioVersion = 10.0.40219.1
Project("{FAE04EC0-301F-11D3-BF4B-00C04F79EFBC}") = "QuanLyChamCong", "QuanLyChamCong\QuanLyChamCong.csproj", "{74AB232A-1AE5-48AD-9CD6-1EAE3E5B41B6}"
EndProject
Project("{FAE04EC0-301F-11D3-BF4B-00C04F79EFBC}") = "BUS", "BUS\BUS.csproj", "{3BAE6417-176B-4A16-B67A-8C0FC6E1DD6B}"
EndProject
Project("{FAE04EC0-301F-11D3-BF4B-00C04F79EFBC}") = "DAL", "DAL\DAL.csproj", "{777FF27E-8D4D-4EF1-BA8D-E33C38D7DCE2}"
EndProject
Project("{FAE04EC0-301F-11D3-BF4B-00C04F79EFBC}") = "ValueObject", "ValueObject\ValueObject.csproj", "{F674DB47-0C7D-457E-9EBC-5FC7C827774D}"
EndProject
Global
	GlobalSection(SolutionConfigurationPlatforms) = preSolution
		Debug|Any CPU = Debug|Any CPU
		Release|Any CPU = Release|Any CPU
	EndGlobalSection
	GlobalSection(ProjectConfigurationPlatforms) = postSolution
		{74AB232A-1AE5-48AD-9CD6-1EAE3E5B41B6}.Debug|Any CPU.ActiveCfg = Debug|Any CPU
		{74AB232A-1AE5-48AD-9CD6-1EAE3E5B41B6}.Debug|Any CPU.Build.0 = Debug|Any CPU
		{74AB232A-1AE5-48AD-9CD6-1EAE3E5B41B6}.Release|Any CPU.ActiveCfg = Release|Any CPU
		{74AB232A-1AE5-48AD-9CD6-1EAE3E5B41B6}.Release|Any CPU.Build.0 = Release|Any CPU
		{3BAE6417-176B-4A16-B67A-8C0FC6E1DD6B}.Debug|Any CPU.ActiveCfg = Debug|Any CPU
		{3BAE6417-176B-4A16-B67A-8C0FC6E1DD6B}.Debug|Any CPU.Build.0 = Debug|Any CPU
		{3BAE6417-176B-4A16-B67A-8C0FC6E1DD6B}.Release|Any CPU.ActiveCfg = Release|Any CPU
		{3BAE6417-176B-4A16-B67A-8C0FC6E1DD6B}.Release|Any CPU.Build.0 = Release|Any CPU
		{777FF27E-8D4D-4EF1-BA8D-E33C38D7DCE2}.Debug|Any CPU.ActiveCfg = Debug|Any CPU
		{777FF27E-8D4D-4EF1-BA8D-E33C38D7DCE2}.Debug|Any CPU.Build.0 = Debug|Any CPU
		{777FF27E-8D4D-4EF1-BA8D-E33C38D7DCE2}.Release|Any CPU.ActiveCfg = Release|Any CPU
		{777FF27E-8D4D-4EF1-BA8D-E33C38D7DCE2}.Release|Any CPU.Build.0 = Release|Any CPU
		{F674DB47-0C7D-457E-9EBC-5FC7C827774D}.Debug|Any CPU.ActiveCfg = Debug|Any CPU
		{F674DB47-0C7D-457E-9EBC-5FC7C827774D}.Debug|Any CPU.Build.0 = Debug|Any CPU
		{F674DB47-0C7D-457E-9EBC-5FC7C827774D}.Release|Any CPU.ActiveCfg = Release|Any CPU
		{F674DB47-0C7D-457E-9EBC-5FC7C827774D}.Release|Any CPU.Build.0 = Release|Any CPU
	EndGlobalSection
	GlobalSection(SolutionProperties) = preSolution
		HideSolutionNode = FALSE
	EndGlobalSection
	GlobalSection(ExtensibilityGlobals) = postSolution
		SolutionGuid = {13F5E815-514A-45A7-9FFC-CFD096898F5B}
	EndGlobalSection
EndGlobal
